// !$*UTF8*$!
{
	archiveVersion = 1;
	classes = {
	};
	objectVersion = 77;
	objects = {

/* Begin PBXBuildFile section */
		20AD0982A184F56E02F13629 /* libggml-blas.a in Frameworks */ = {isa = PBXBuildFile; fileRef = 078E4201C255A0EEA854DC37 /* libggml-blas.a */; };
		34AC90E36DE79EEDDC3A0381 /* MLXHuggingFace in Frameworks */ = {isa = PBXBuildFile; productRef = A443AD55CB178B6FA2B4E2F3 /* MLXHuggingFace */; };
		4586A2E16FE5CEBBC5899C24 /* MLXLMCommon in Frameworks */ = {isa = PBXBuildFile; productRef = 1E178648712FE46F9D04CBE4 /* MLXLMCommon */; };
		482F589EE138F7AEFCCE8E21 /* MLXLLM in Frameworks */ = {isa = PBXBuildFile; productRef = 1092FF3974AADB49E848C373 /* MLXLLM */; };
		62FDD38207C55F4EDC46CAC1 /* libcommon.a in Frameworks */ = {isa = PBXBuildFile; fileRef = E0E7886FB9FD6910C0275599 /* libcommon.a */; };
		66A007DAC5E714C7E96D4F3D /* libsonor.a in Frameworks */ = {isa = PBXBuildFile; fileRef = 2DB97A1F4E8F6964374F581A /* libsonor.a */; };
		8D7DC2017BA3ED6F2241D376 /* libggml-cpu.a in Frameworks */ = {isa = PBXBuildFile; fileRef = 70A66B13DBED0B3A9B364DB1 /* libggml-cpu.a */; };
		9892EA6D96893814CFA17626 /* libggml.a in Frameworks */ = {isa = PBXBuildFile; fileRef = E1EA5827898EEA79140E2A01 /* libggml.a */; };
		A9BA8F21F7C1CA9EE1AB39F3 /* MLX in Frameworks */ = {isa = PBXBuildFile; productRef = 5D07F192FC57C79E0DC9C62B /* MLX */; };
		AA7327738145899B260A7DF8 /* ggml-metal.metal in Resources */ = {isa = PBXBuildFile; fileRef = BB1AA0FCF32E5D0BEB429EDB /* ggml-metal.metal */; };
		C0559876D8BD50DD812A8D0F /* libggml-base.a in Frameworks */ = {isa = PBXBuildFile; fileRef = F77AABFA07EF2A44DBC5E6C2 /* libggml-base.a */; };
		D6534C6F29F8B7E2B6DA47D2 /* Hub in Frameworks */ = {isa = PBXBuildFile; productRef = AF07F2F8533D00DF95F0205C /* Hub */; };
		D9C0161012AA64376FF682C3 /* libggml-metal.a in Frameworks */ = {isa = PBXBuildFile; fileRef = ECDC90A23855A924F67A28E5 /* libggml-metal.a */; };
		DA1A18BC76D9C0AAE959D6C7 /* Tokenizers in Frameworks */ = {isa = PBXBuildFile; productRef = 8B63F6402F23B2F22D0DAB23 /* Tokenizers */; };
/* End PBXBuildFile section */

/* Begin PBXContainerItemProxy section */
		FA21F55F2FA973680030EE83 /* PBXContainerItemProxy */ = {
			isa = PBXContainerItemProxy;
			containerPortal = FA21F5492FA973670030EE83 /* Project object */;
			proxyType = 1;
			remoteGlobalIDString = FA21F5502FA973670030EE83;
			remoteInfo = Sonor;
		};
		FA21F5692FA973680030EE83 /* PBXContainerItemProxy */ = {
			isa = PBXContainerItemProxy;
			containerPortal = FA21F5492FA973670030EE83 /* Project object */;
			proxyType = 1;
			remoteGlobalIDString = FA21F5502FA973670030EE83;
			remoteInfo = Sonor;
		};
/* End PBXContainerItemProxy section */

/* Begin PBXCopyFilesBuildPhase section */
		FADDD9F82FBBB00D00B0B7D5 /* Embed Libraries */ = {
			isa = PBXCopyFilesBuildPhase;
			buildActionMask = 2147483647;
			dstPath = "";
			dstSubfolderSpec = 10;
			files = (
			);
			name = "Embed Libraries";
			runOnlyForDeploymentPostprocessing = 0;
		};
/* End PBXCopyFilesBuildPhase section */

/* Begin PBXFileReference section */
		02D5AB1B3F762EEC3D9971A5 /* Hub.framework.framework */ = {isa = PBXFileReference; explicitFileType = wrapper.framework; includeInIndex = 0; path = Hub.framework.framework; sourceTree = BUILT_PRODUCTS_DIR; };
		078E4201C255A0EEA854DC37 /* libggml-blas.a */ = {isa = PBXFileReference; includeInIndex = 1; lastKnownFileType = archive.ar; name = "libggml-blas.a"; path = "sonor.cpp/build/ggml/src/ggml-blas/libggml-blas.a"; sourceTree = "<group>"; };
		2DB97A1F4E8F6964374F581A /* libsonor.a */ = {isa = PBXFileReference; includeInIndex = 1; lastKnownFileType = archive.ar; name = libsonor.a; path = sonor.cpp/build/src/libsonor.a; sourceTree = "<group>"; };
		583E0A7E4A1AC3D2E8D1507E /* Tokenizers.framework.framework */ = {isa = PBXFileReference; explicitFileType = wrapper.framework; includeInIndex = 0; path = Tokenizers.framework.framework; sourceTree = BUILT_PRODUCTS_DIR; };
		70A66B13DBED0B3A9B364DB1 /* libggml-cpu.a */ = {isa = PBXFileReference; includeInIndex = 1; lastKnownFileType = archive.ar; name = "libggml-cpu.a"; path = "sonor.cpp/build/ggml/src/libggml-cpu.a"; sourceTree = "<group>"; };
		732C02653E6EC2CA525AA5D3 /* Hub.framework.framework */ = {isa = PBXFileReference; explicitFileType = wrapper.framework; includeInIndex = 0; path = Hub.framework.framework; sourceTree = BUILT_PRODUCTS_DIR; };
		A6DE841373F71179C261389B /* Tokenizers.framework.framework */ = {isa = PBXFileReference; explicitFileType = wrapper.framework; includeInIndex = 0; path = Tokenizers.framework.framework; sourceTree = BUILT_PRODUCTS_DIR; };
		BB1AA0FCF32E5D0BEB429EDB /* ggml-metal.metal */ = {isa = PBXFileReference; includeInIndex = 1; lastKnownFileType = sourcecode.metal; name = "ggml-metal.metal"; path = "sonor.cpp/ggml/src/ggml-metal/ggml-metal.metal"; sourceTree = "<group>"; };
		E0E7886FB9FD6910C0275599 /* libcommon.a */ = {isa = PBXFileReference; includeInIndex = 1; lastKnownFileType = archive.ar; name = libcommon.a; path = sonor.cpp/build/examples/libcommon.a; sourceTree = "<group>"; };
		E1EA5827898EEA79140E2A01 /* libggml.a */ = {isa = PBXFileReference; includeInIndex = 1; lastKnownFileType = archive.ar; name = libggml.a; path = sonor.cpp/build/ggml/src/libggml.a; sourceTree = "<group>"; };
		ECDC90A23855A924F67A28E5 /* libggml-metal.a */ = {isa = PBXFileReference; includeInIndex = 1; lastKnownFileType = archive.ar; name = "libggml-metal.a"; path = "sonor.cpp/build/ggml/src/ggml-metal/libggml-metal.a"; sourceTree = "<group>"; };
		F77AABFA07EF2A44DBC5E6C2 /* libggml-base.a */ = {isa = PBXFileReference; includeInIndex = 1; lastKnownFileType = archive.ar; name = "libggml-base.a"; path = "sonor.cpp/build/ggml/src/libggml-base.a"; sourceTree = "<group>"; };
		FA0179772FCE56BB004F75D9 /* build.make */ = {isa = PBXFileReference; lastKnownFileType = sourcecode.make; path = build.make; sourceTree = "<group>"; };
		FA0179782FCE56BB004F75D9 /* cmake_clean.cmake */ = {isa = PBXFileReference; lastKnownFileType = text; path = cmake_clean.cmake; sourceTree = "<group>"; };
		FA0179792FCE56BB004F75D9 /* compiler_depend.make */ = {isa = PBXFileReference; lastKnownFileType = sourcecode.make; path = compiler_depend.make; sourceTree = "<group>"; };
		FA01797A2FCE56BB004F75D9 /* compiler_depend.ts */ = {isa = PBXFileReference; lastKnownFileType = sourcecode.typescript; path = compiler_depend.ts; sourceTree = "<group>"; };
		FA01797B2FCE56BB004F75D9 /* depend.make */ = {isa = PBXFileReference; lastKnownFileType = sourcecode.make; path = depend.make; sourceTree = "<group>"; };
		FA01797C2FCE56BB004F75D9 /* DependInfo.cmake */ = {isa = PBXFileReference; lastKnownFileType = text; path = DependInfo.cmake; sourceTree = "<group>"; };
		FA01797D2FCE56BB004F75D9 /* flags.make */ = {isa = PBXFileReference; lastKnownFileType = sourcecode.make; path = flags.make; sourceTree = "<group>"; };
		FA01797E2FCE56BB004F75D9 /* link.txt */ = {isa = PBXFileReference; lastKnownFileType = text; path = link.txt; sourceTree = "<group>"; };
		FA01797F2FCE56BB004F75D9 /* progress.make */ = {isa = PBXFileReference; lastKnownFileType = sourcecode.make; path = progress.make; sourceTree = "<group>"; };
		FA0179802FCE56BB004F75D9 /* sonor.cpp.o */ = {isa = PBXFileReference; lastKnownFileType = "compiled.mach-o.objfile"; path = sonor.cpp.o; sourceTree = "<group>"; };
		FA0179812FCE56BB004F75D9 /* sonor.cpp.o.d */ = {isa = PBXFileReference; lastKnownFileType = sourcecode.dtrace; path = sonor.cpp.o.d; sourceTree = "<group>"; };
		FA0179832FCE56BB004F75D9 /* CMakeDirectoryInformation.cmake */ = {isa = PBXFileReference; lastKnownFileType = text; path = CMakeDirectoryInformation.cmake; sourceTree = "<group>"; };
		FA0179842FCE56BB004F75D9 /* progress.marks */ = {isa = PBXFileReference; lastKnownFileType = text; path = progress.marks; sourceTree = "<group>"; };
		FA0179862FCE56BB004F75D9 /* cmake_install.cmake */ = {isa = PBXFileReference; lastKnownFileType = text; path = cmake_install.cmake; sourceTree = "<group>"; };
		FA0179892FCE56BB004F75D9 /* Makefile */ = {isa = PBXFileReference; lastKnownFileType = sourcecode.make; path = Makefile; sourceTree = "<group>"; };
		FA01798B2FCE56CC004F75D9 /* build.make */ = {isa = PBXFileReference; lastKnownFileType = sourcecode.make; path = build.make; sourceTree = "<group>"; };
		FA01798C2FCE56CC004F75D9 /* cmake_clean.cmake */ = {isa = PBXFileReference; lastKnownFileType = text; path = cmake_clean.cmake; sourceTree = "<group>"; };
		FA01798D2FCE56CC004F75D9 /* compiler_depend.make */ = {isa = PBXFileReference; lastKnownFileType = sourcecode.make; path = compiler_depend.make; sourceTree = "<group>"; };
		FA01798E2FCE56CC004F75D9 /* compiler_depend.ts */ = {isa = PBXFileReference; lastKnownFileType = sourcecode.typescript; path = compiler_depend.ts; sourceTree = "<group>"; };
		FA01798F2FCE56CC004F75D9 /* depend.make */ = {isa = PBXFileReference; lastKnownFileType = sourcecode.make; path = depend.make; sourceTree = "<group>"; };
		FA0179902FCE56CC004F75D9 /* DependInfo.cmake */ = {isa = PBXFileReference; lastKnownFileType = text; path = DependInfo.cmake; sourceTree = "<group>"; };
		FA0179912FCE56CC004F75D9 /* flags.make */ = {isa = PBXFileReference; lastKnownFileType = sourcecode.make; path = flags.make; sourceTree = "<group>"; };
		FA0179922FCE56CC004F75D9 /* link.txt */ = {isa = PBXFileReference; lastKnownFileType = text; path = link.txt; sourceTree = "<group>"; };
		FA0179932FCE56CC004F75D9 /* progress.make */ = {isa = PBXFileReference; lastKnownFileType = sourcecode.make; path = progress.make; sourceTree = "<group>"; };
		FA0179942FCE56CC004F75D9 /* sonor.cpp.o */ = {isa = PBXFileReference; lastKnownFileType = "compiled.mach-o.objfile"; path = sonor.cpp.o; sourceTree = "<group>"; };
		FA0179952FCE56CC004F75D9 /* sonor.cpp.o.d */ = {isa = PBXFileReference; lastKnownFileType = sourcecode.dtrace; path = sonor.cpp.o.d; sourceTree = "<group>"; };
		FA0179972FCE56CC004F75D9 /* CMakeDirectoryInformation.cmake */ = {isa = PBXFileReference; lastKnownFileType = text; path = CMakeDirectoryInformation.cmake; sourceTree = "<group>"; };
		FA0179982FCE56CC004F75D9 /* progress.marks */ = {isa = PBXFileReference; lastKnownFileType = text; path = progress.marks; sourceTree = "<group>"; };
		FA01799A2FCE56CC004F75D9 /* cmake_install.cmake */ = {isa = PBXFileReference; lastKnownFileType = text; path = cmake_install.cmake; sourceTree = "<group>"; };
		FA01799D2FCE56CC004F75D9 /* Makefile */ = {isa = PBXFileReference; lastKnownFileType = sourcecode.make; path = Makefile; sourceTree = "<group>"; };
		FA21F5512FA973670030EE83 /* Sonor.app */ = {isa = PBXFileReference; explicitFileType = wrapper.application; includeInIndex = 0; path = Sonor.app; sourceTree = BUILT_PRODUCTS_DIR; };
		FA21F55E2FA973680030EE83 /* SonorTests.xctest */ = {isa = PBXFileReference; explicitFileType = wrapper.cfbundle; includeInIndex = 0; path = SonorTests.xctest; sourceTree = BUILT_PRODUCTS_DIR; };
		FA21F5682FA973680030EE83 /* SonorUITests.xctest */ = {isa = PBXFileReference; explicitFileType = wrapper.cfbundle; includeInIndex = 0; path = SonorUITests.xctest; sourceTree = BUILT_PRODUCTS_DIR; };
/* End PBXFileReference section */

/* Begin PBXFileSystemSynchronizedBuildFileExceptionSet section */
		FAF8B4F32FC1212000CD090D /* Exceptions for "Sonor" folder in "Sonor" target */ = {
			isa = PBXFileSystemSynchronizedBuildFileExceptionSet;
			membershipExceptions = (
				Info.plist,
				"Resources/Icons/Icon Exports/Icon-iOS-ClearDark-1024x1024@1x.png",
				"Resources/Icons/Icon Exports/Icon-iOS-ClearLight-1024x1024@1x.png",
				"Resources/Icons/Icon Exports/Icon-iOS-Dark-1024x1024@1x.png",
				"Resources/Icons/Icon Exports/Icon-iOS-Default-1024x1024@1x.png",
				"Resources/Icons/Icon Exports/Icon-iOS-TintedDark-1024x1024@1x.png",
				"Resources/Icons/Icon Exports/Icon-iOS-TintedLight-1024x1024@1x.png",
			);
			target = FA21F5502FA973670030EE83 /* Sonor */;
		};
/* End PBXFileSystemSynchronizedBuildFileExceptionSet section */

/* Begin PBXFileSystemSynchronizedRootGroup section */
		FA21F5532FA973670030EE83 /* Sonor */ = {
			isa = PBXFileSystemSynchronizedRootGroup;
			exceptions = (
				FAF8B4F32FC1212000CD090D /* Exceptions for "Sonor" folder in "Sonor" target */,
			);
			path = Sonor;
			sourceTree = "<group>";
		};
		FA21F5612FA973680030EE83 /* SonorTests */ = {
			isa = PBXFileSystemSynchronizedRootGroup;
			path = SonorTests;
			sourceTree = "<group>";
		};
		FA21F56B2FA973680030EE83 /* SonorUITests */ = {
			isa = PBXFileSystemSynchronizedRootGroup;
			path = SonorUITests;
			sourceTree = "<group>";
		};
/* End PBXFileSystemSynchronizedRootGroup section */

/* Begin PBXFrameworksBuildPhase section */
		FA21F54E2FA973670030EE83 /* Frameworks */ = {
			isa = PBXFrameworksBuildPhase;
			buildActionMask = 2147483647;
			files = (
				A9BA8F21F7C1CA9EE1AB39F3 /* MLX in Frameworks */,
				482F589EE138F7AEFCCE8E21 /* MLXLLM in Frameworks */,
				4586A2E16FE5CEBBC5899C24 /* MLXLMCommon in Frameworks */,
				34AC90E36DE79EEDDC3A0381 /* MLXHuggingFace in Frameworks */,
				D6534C6F29F8B7E2B6DA47D2 /* Hub in Frameworks */,
				DA1A18BC76D9C0AAE959D6C7 /* Tokenizers in Frameworks */,
				62FDD38207C55F4EDC46CAC1 /* libcommon.a in Frameworks */,
				20AD0982A184F56E02F13629 /* libggml-blas.a in Frameworks */,
				D9C0161012AA64376FF682C3 /* libggml-metal.a in Frameworks */,
				C0559876D8BD50DD812A8D0F /* libggml-base.a in Frameworks */,
				8D7DC2017BA3ED6F2241D376 /* libggml-cpu.a in Frameworks */,
				9892EA6D96893814CFA17626 /* libggml.a in Frameworks */,
				66A007DAC5E714C7E96D4F3D /* libsonor.a in Frameworks */,
			);
			runOnlyForDeploymentPostprocessing = 0;
		};
		FA21F55B2FA973680030EE83 /* Frameworks */ = {
			isa = PBXFrameworksBuildPhase;
			buildActionMask = 2147483647;
			files = (
			);
			runOnlyForDeploymentPostprocessing = 0;
		};
		FA21F5652FA973680030EE83 /* Frameworks */ = {
			isa = PBXFrameworksBuildPhase;
			buildActionMask = 2147483647;
			files = (
			);
			runOnlyForDeploymentPostprocessing = 0;
		};
/* End PBXFrameworksBuildPhase section */

/* Begin PBXGroup section */
		0A1FB2BD597FAAD0B9FBA2F3 /* Libraries */ = {
			isa = PBXGroup;
			children = (
				E0E7886FB9FD6910C0275599 /* libcommon.a */,
				078E4201C255A0EEA854DC37 /* libggml-blas.a */,
				ECDC90A23855A924F67A28E5 /* libggml-metal.a */,
				F77AABFA07EF2A44DBC5E6C2 /* libggml-base.a */,
				70A66B13DBED0B3A9B364DB1 /* libggml-cpu.a */,
				E1EA5827898EEA79140E2A01 /* libggml.a */,
				2DB97A1F4E8F6964374F581A /* libsonor.a */,
			);
			name = Libraries;
			sourceTree = "<group>";
		};
		6A27AAE65150B7B058EBE621 /* Frameworks */ = {
			isa = PBXGroup;
			children = (
				FA01798A2FCE56BB004F75D9 /* src */,
				FA01799E2FCE56CC004F75D9 /* src */,
				02D5AB1B3F762EEC3D9971A5 /* Hub.framework.framework */,
				A6DE841373F71179C261389B /* Tokenizers.framework.framework */,
				732C02653E6EC2CA525AA5D3 /* Hub.framework.framework */,
				583E0A7E4A1AC3D2E8D1507E /* Tokenizers.framework.framework */,
			);
			name = Frameworks;
			sourceTree = "<group>";
		};
		FA0179822FCE56BB004F75D9 /* sonor.dir */ = {
			isa = PBXGroup;
			children = (
				FA0179772FCE56BB004F75D9 /* build.make */,
				FA0179782FCE56BB004F75D9 /* cmake_clean.cmake */,
				FA0179792FCE56BB004F75D9 /* compiler_depend.make */,
				FA01797A2FCE56BB004F75D9 /* compiler_depend.ts */,
				FA01797B2FCE56BB004F75D9 /* depend.make */,
				FA01797C2FCE56BB004F75D9 /* DependInfo.cmake */,
				FA01797D2FCE56BB004F75D9 /* flags.make */,
				FA01797E2FCE56BB004F75D9 /* link.txt */,
				FA01797F2FCE56BB004F75D9 /* progress.make */,
				FA0179802FCE56BB004F75D9 /* sonor.cpp.o */,
				FA0179812FCE56BB004F75D9 /* sonor.cpp.o.d */,
			);
			path = sonor.dir;
			sourceTree = "<group>";
		};
		FA0179852FCE56BB004F75D9 /* CMakeFiles */ = {
			isa = PBXGroup;
			children = (
				FA0179822FCE56BB004F75D9 /* sonor.dir */,
				FA0179832FCE56BB004F75D9 /* CMakeDirectoryInformation.cmake */,
				FA0179842FCE56BB004F75D9 /* progress.marks */,
			);
			path = CMakeFiles;
			sourceTree = "<group>";
		};
		FA01798A2FCE56BB004F75D9 /* src */ = {
			isa = PBXGroup;
			children = (
				FA0179852FCE56BB004F75D9 /* CMakeFiles */,
				FA0179862FCE56BB004F75D9 /* cmake_install.cmake */,
				FA0179892FCE56BB004F75D9 /* Makefile */,
			);
			name = src;
			path = sonor.cpp/build/src;
			sourceTree = "<group>";
		};
		FA0179962FCE56CC004F75D9 /* sonor.dir */ = {
			isa = PBXGroup;
			children = (
				FA01798B2FCE56CC004F75D9 /* build.make */,
				FA01798C2FCE56CC004F75D9 /* cmake_clean.cmake */,
				FA01798D2FCE56CC004F75D9 /* compiler_depend.make */,
				FA01798E2FCE56CC004F75D9 /* compiler_depend.ts */,
				FA01798F2FCE56CC004F75D9 /* depend.make */,
				FA0179902FCE56CC004F75D9 /* DependInfo.cmake */,
				FA0179912FCE56CC004F75D9 /* flags.make */,
				FA0179922FCE56CC004F75D9 /* link.txt */,
				FA0179932FCE56CC004F75D9 /* progress.make */,
				FA0179942FCE56CC004F75D9 /* sonor.cpp.o */,
				FA0179952FCE56CC004F75D9 /* sonor.cpp.o.d */,
			);
			path = sonor.dir;
			sourceTree = "<group>";
		};
		FA0179992FCE56CC004F75D9 /* CMakeFiles */ = {
			isa = PBXGroup;
			children = (
				FA0179962FCE56CC004F75D9 /* sonor.dir */,
				FA0179972FCE56CC004F75D9 /* CMakeDirectoryInformation.cmake */,
				FA0179982FCE56CC004F75D9 /* progress.marks */,
			);
			path = CMakeFiles;
			sourceTree = "<group>";
		};
		FA01799E2FCE56CC004F75D9 /* src */ = {
			isa = PBXGroup;
			children = (
				FA0179992FCE56CC004F75D9 /* CMakeFiles */,
				FA01799A2FCE56CC004F75D9 /* cmake_install.cmake */,
				FA01799D2FCE56CC004F75D9 /* Makefile */,
			);
			name = src;
			path = sonor.cpp/build/src;
			sourceTree = "<group>";
		};
		FA21F5482FA973670030EE83 = {
			isa = PBXGroup;
			children = (
				FA21F5532FA973670030EE83 /* Sonor */,
				FA21F5612FA973680030EE83 /* SonorTests */,
				FA21F56B2FA973680030EE83 /* SonorUITests */,
				FA21F5522FA973670030EE83 /* Products */,
				6A27AAE65150B7B058EBE621 /* Frameworks */,
				BB1AA0FCF32E5D0BEB429EDB /* ggml-metal.metal */,
				0A1FB2BD597FAAD0B9FBA2F3 /* Libraries */,
			);
			sourceTree = "<group>";
		};
		FA21F5522FA973670030EE83 /* Products */ = {
			isa = PBXGroup;
			children = (
				FA21F5512FA973670030EE83 /* Sonor.app */,
				FA21F55E2FA973680030EE83 /* SonorTests.xctest */,
				FA21F5682FA973680030EE83 /* SonorUITests.xctest */,
			);
			name = Products;
			sourceTree = "<group>";
		};
/* End PBXGroup section */

/* Begin PBXNativeTarget section */
		FA21F5502FA973670030EE83 /* Sonor */ = {
			isa = PBXNativeTarget;
			buildConfigurationList = FA21F5722FA973680030EE83 /* Build configuration list for PBXNativeTarget "Sonor" */;
			buildPhases = (
				FA21F54D2FA973670030EE83 /* Sources */,
				FA21F54E2FA973670030EE83 /* Frameworks */,
				FA21F54F2FA973670030EE83 /* Resources */,
				FADDD9F82FBBB00D00B0B7D5 /* Embed Libraries */,
			);
			buildRules = (
			);
			dependencies = (
			);
			fileSystemSynchronizedGroups = (
				FA21F5532FA973670030EE83 /* Sonor */,
			);
			name = Sonor;
			packageProductDependencies = (
				5D07F192FC57C79E0DC9C62B /* MLX */,
				1092FF3974AADB49E848C373 /* MLXLLM */,
				1E178648712FE46F9D04CBE4 /* MLXLMCommon */,
				A443AD55CB178B6FA2B4E2F3 /* MLXHuggingFace */,
				AF07F2F8533D00DF95F0205C /* Hub */,
				8B63F6402F23B2F22D0DAB23 /* Tokenizers */,
			);
			productName = Sonor;
			productReference = FA21F5512FA973670030EE83 /* Sonor.app */;
			productType = "com.apple.product-type.application";
		};
		FA21F55D2FA973680030EE83 /* SonorTests */ = {
			isa = PBXNativeTarget;
			buildConfigurationList = FA21F5752FA973680030EE83 /* Build configuration list for PBXNativeTarget "SonorTests" */;
			buildPhases = (
				FA21F55A2FA973680030EE83 /* Sources */,
				FA21F55B2FA973680030EE83 /* Frameworks */,
				FA21F55C2FA973680030EE83 /* Resources */,
			);
			buildRules = (
			);
			dependencies = (
				FA21F5602FA973680030EE83 /* PBXTargetDependency */,
			);
			fileSystemSynchronizedGroups = (
				FA21F5612FA973680030EE83 /* SonorTests */,
			);
			name = SonorTests;
			productName = SonorTests;
			productReference = FA21F55E2FA973680030EE83 /* SonorTests.xctest */;
			productType = "com.apple.product-type.bundle.unit-test";
		};
		FA21F5672FA973680030EE83 /* SonorUITests */ = {
			isa = PBXNativeTarget;
			buildConfigurationList = FA21F5782FA973680030EE83 /* Build configuration list for PBXNativeTarget "SonorUITests" */;
			buildPhases = (
				FA21F5642FA973680030EE83 /* Sources */,
				FA21F5652FA973680030EE83 /* Frameworks */,
				FA21F5662FA973680030EE83 /* Resources */,
			);
			buildRules = (
			);
			dependencies = (
				FA21F56A2FA973680030EE83 /* PBXTargetDependency */,
			);
			fileSystemSynchronizedGroups = (
				FA21F56B2FA973680030EE83 /* SonorUITests */,
			);
			name = SonorUITests;
			productName = SonorUITests;
			productReference = FA21F5682FA973680030EE83 /* SonorUITests.xctest */;
			productType = "com.apple.product-type.bundle.ui-testing";
		};
/* End PBXNativeTarget section */

/* Begin PBXProject section */
		FA21F5492FA973670030EE83 /* Project object */ = {
			isa = PBXProject;
			attributes = {
				BuildIndependentTargetsInParallel = 1;
				LastSwiftUpdateCheck = 2600;
				LastUpgradeCheck = 2600;
				TargetAttributes = {
					FA21F5502FA973670030EE83 = {
						CreatedOnToolsVersion = 26.0.1;
					};
					FA21F55D2FA973680030EE83 = {
						CreatedOnToolsVersion = 26.0.1;
						TestTargetID = FA21F5502FA973670030EE83;
					};
					FA21F5672FA973680030EE83 = {
						CreatedOnToolsVersion = 26.0.1;
						TestTargetID = FA21F5502FA973670030EE83;
					};
				};
			};
			buildConfigurationList = FA21F54C2FA973670030EE83 /* Build configuration list for PBXProject "Sonor" */;
			developmentRegion = en;
			hasScannedForEncodings = 0;
			knownRegions = (
				en,
				Base,
			);
			mainGroup = FA21F5482FA973670030EE83;
			minimizedProjectReferenceProxies = 1;
			packageReferences = (
				BBA881AD0739DBB04827434D /* XCRemoteSwiftPackageReference "mlx-swift" */,
				96BA1D70BB01DA0DC5715BD9 /* XCRemoteSwiftPackageReference "mlx-swift-lm" */,
				E7AAB071A01BC180627CA7CA /* XCRemoteSwiftPackageReference "swift-transformers" */,
			);
			preferredProjectObjectVersion = 77;
			productRefGroup = FA21F5522FA973670030EE83 /* Products */;
			projectDirPath = "";
			projectRoot = "";
			targets = (
				FA21F5502FA973670030EE83 /* Sonor */,
				FA21F55D2FA973680030EE83 /* SonorTests */,
				FA21F5672FA973680030EE83 /* SonorUITests */,
			);
		};
/* End PBXProject section */

/* Begin PBXResourcesBuildPhase section */
		FA21F54F2FA973670030EE83 /* Resources */ = {
			isa = PBXResourcesBuildPhase;
			buildActionMask = 2147483647;
			files = (
				AA7327738145899B260A7DF8 /* ggml-metal.metal in Resources */,
			);
			runOnlyForDeploymentPostprocessing = 0;
		};
		FA21F55C2FA973680030EE83 /* Resources */ = {
			isa = PBXResourcesBuildPhase;
			buildActionMask = 2147483647;
			files = (
			);
			runOnlyForDeploymentPostprocessing = 0;
		};
		FA21F5662FA973680030EE83 /* Resources */ = {
			isa = PBXResourcesBuildPhase;
			buildActionMask = 2147483647;
			files = (
			);
			runOnlyForDeploymentPostprocessing = 0;
		};
/* End PBXResourcesBuildPhase section */

/* Begin PBXSourcesBuildPhase section */
		FA21F54D2FA973670030EE83 /* Sources */ = {
			isa = PBXSourcesBuildPhase;
			buildActionMask = 2147483647;
			files = (
			);
			runOnlyForDeploymentPostprocessing = 0;
		};
		FA21F55A2FA973680030EE83 /* Sources */ = {
			isa = PBXSourcesBuildPhase;
			buildActionMask = 2147483647;
			files = (
			);
			runOnlyForDeploymentPostprocessing = 0;
		};
		FA21F5642FA973680030EE83 /* Sources */ = {
			isa = PBXSourcesBuildPhase;
			buildActionMask = 2147483647;
			files = (
			);
			runOnlyForDeploymentPostprocessing = 0;
		};
/* End PBXSourcesBuildPhase section */

/* Begin PBXTargetDependency section */
		FA21F5602FA973680030EE83 /* PBXTargetDependency */ = {
			isa = PBXTargetDependency;
			target = FA21F5502FA973670030EE83 /* Sonor */;
			targetProxy = FA21F55F2FA973680030EE83 /* PBXContainerItemProxy */;
		};
		FA21F56A2FA973680030EE83 /* PBXTargetDependency */ = {
			isa = PBXTargetDependency;
			target = FA21F5502FA973670030EE83 /* Sonor */;
			targetProxy = FA21F5692FA973680030EE83 /* PBXContainerItemProxy */;
		};
/* End PBXTargetDependency section */

/* Begin XCBuildConfiguration section */
		FA21F5702FA973680030EE83 /* Debug */ = {
			isa = XCBuildConfiguration;
			buildSettings = {
				ALWAYS_SEARCH_USER_PATHS = NO;
				ARCHS = arm64;
				ASSETCATALOG_COMPILER_GENERATE_SWIFT_ASSET_SYMBOL_EXTENSIONS = YES;
				CLANG_ANALYZER_NONNULL = YES;
				CLANG_ANALYZER_NUMBER_OBJECT_CONVERSION = YES_AGGRESSIVE;
				CLANG_CXX_LANGUAGE_STANDARD = "gnu++20";
				CLANG_ENABLE_MODULES = YES;
				CLANG_ENABLE_OBJC_ARC = YES;
				CLANG_ENABLE_OBJC_WEAK = YES;
				CLANG_WARN_BLOCK_CAPTURE_AUTORELEASING = YES;
				CLANG_WARN_BOOL_CONVERSION = YES;
				CLANG_WARN_COMMA = YES;
				CLANG_WARN_CONSTANT_CONVERSION = YES;
				CLANG_WARN_DEPRECATED_OBJC_IMPLEMENTATIONS = YES;
				CLANG_WARN_DIRECT_OBJC_ISA_USAGE = YES_ERROR;
				CLANG_WARN_DOCUMENTATION_COMMENTS = YES;
				CLANG_WARN_EMPTY_BODY = YES;
				CLANG_WARN_ENUM_CONVERSION = YES;
				CLANG_WARN_INFINITE_RECURSION = YES;
				CLANG_WARN_INT_CONVERSION = YES;
				CLANG_WARN_NON_LITERAL_NULL_CONVERSION = YES;
				CLANG_WARN_OBJC_IMPLICIT_RETAIN_SELF = YES;
				CLANG_WARN_OBJC_LITERAL_CONVERSION = YES;
				CLANG_WARN_OBJC_ROOT_CLASS = YES_ERROR;
				CLANG_WARN_QUOTED_INCLUDE_IN_FRAMEWORK_HEADER = YES;
				CLANG_WARN_RANGE_LOOP_ANALYSIS = YES;
				CLANG_WARN_STRICT_PROTOTYPES = YES;
				CLANG_WARN_SUSPICIOUS_MOVE = YES;
				CLANG_WARN_UNGUARDED_AVAILABILITY = YES_AGGRESSIVE;
				CLANG_WARN_UNREACHABLE_CODE = YES;
				CLANG_WARN__DUPLICATE_METHOD_MATCH = YES;
				COPY_PHASE_STRIP = NO;
				DEBUG_INFORMATION_FORMAT = dwarf;
				DEVELOPMENT_TEAM = B8R3X8NN3X;
				ENABLE_STRICT_OBJC_MSGSEND = YES;
				ENABLE_TESTABILITY = YES;
				ENABLE_USER_SCRIPT_SANDBOXING = YES;
				GCC_C_LANGUAGE_STANDARD = gnu17;
				GCC_DYNAMIC_NO_PIC = NO;
				GCC_NO_COMMON_BLOCKS = YES;
				GCC_OPTIMIZATION_LEVEL = 0;
				GCC_PREPROCESSOR_DEFINITIONS = (
					"DEBUG=1",
					"$(inherited)",
				);
				GCC_WARN_64_TO_32_BIT_CONVERSION = YES;
				GCC_WARN_ABOUT_RETURN_TYPE = YES_ERROR;
				GCC_WARN_UNDECLARED_SELECTOR = YES;
				GCC_WARN_UNINITIALIZED_AUTOS = YES_AGGRESSIVE;
				GCC_WARN_UNUSED_FUNCTION = YES;
				GCC_WARN_UNUSED_VARIABLE = YES;
				LOCALIZATION_PREFERS_STRING_CATALOGS = YES;
				MACOSX_DEPLOYMENT_TARGET = 26.0;
				MTL_ENABLE_DEBUG_INFO = INCLUDE_SOURCE;
				MTL_FAST_MATH = YES;
				ONLY_ACTIVE_ARCH = YES;
				SDKROOT = macosx;
				SWIFT_ACTIVE_COMPILATION_CONDITIONS = "DEBUG $(inherited)";
				SWIFT_OPTIMIZATION_LEVEL = "-Onone";
			};
			name = Debug;
		};
		FA21F5712FA973680030EE83 /* Release */ = {
			isa = XCBuildConfiguration;
			buildSettings = {
				ALWAYS_SEARCH_USER_PATHS = NO;
				ARCHS = arm64;
				ASSETCATALOG_COMPILER_GENERATE_SWIFT_ASSET_SYMBOL_EXTENSIONS = YES;
				CLANG_ANALYZER_NONNULL = YES;
				CLANG_ANALYZER_NUMBER_OBJECT_CONVERSION = YES_AGGRESSIVE;
				CLANG_CXX_LANGUAGE_STANDARD = "gnu++20";
				CLANG_ENABLE_MODULES = YES;
				CLANG_ENABLE_OBJC_ARC = YES;
				CLANG_ENABLE_OBJC_WEAK = YES;
				CLANG_WARN_BLOCK_CAPTURE_AUTORELEASING = YES;
				CLANG_WARN_BOOL_CONVERSION = YES;
				CLANG_WARN_COMMA = YES;
				CLANG_WARN_CONSTANT_CONVERSION = YES;
				CLANG_WARN_DEPRECATED_OBJC_IMPLEMENTATIONS = YES;
				CLANG_WARN_DIRECT_OBJC_ISA_USAGE = YES_ERROR;
				CLANG_WARN_DOCUMENTATION_COMMENTS = YES;
				CLANG_WARN_EMPTY_BODY = YES;
				CLANG_WARN_ENUM_CONVERSION = YES;
				CLANG_WARN_INFINITE_RECURSION = YES;
				CLANG_WARN_INT_CONVERSION = YES;
				CLANG_WARN_NON_LITERAL_NULL_CONVERSION = YES;
				CLANG_WARN_OBJC_IMPLICIT_RETAIN_SELF = YES;
				CLANG_WARN_OBJC_LITERAL_CONVERSION = YES;
				CLANG_WARN_OBJC_ROOT_CLASS = YES_ERROR;
				CLANG_WARN_QUOTED_INCLUDE_IN_FRAMEWORK_HEADER = YES;
				CLANG_WARN_RANGE_LOOP_ANALYSIS = YES;
				CLANG_WARN_STRICT_PROTOTYPES = YES;
				CLANG_WARN_SUSPICIOUS_MOVE = YES;
				CLANG_WARN_UNGUARDED_AVAILABILITY = YES_AGGRESSIVE;
				CLANG_WARN_UNREACHABLE_CODE = YES;
				CLANG_WARN__DUPLICATE_METHOD_MATCH = YES;
				COPY_PHASE_STRIP = NO;
				DEBUG_INFORMATION_FORMAT = "dwarf-with-dsym";
				DEVELOPMENT_TEAM = B8R3X8NN3X;
				ENABLE_NS_ASSERTIONS = NO;
				ENABLE_STRICT_OBJC_MSGSEND = YES;
				ENABLE_USER_SCRIPT_SANDBOXING = YES;
				GCC_C_LANGUAGE_STANDARD = gnu17;
				GCC_NO_COMMON_BLOCKS = YES;
				GCC_WARN_64_TO_32_BIT_CONVERSION = YES;
				GCC_WARN_ABOUT_RETURN_TYPE = YES_ERROR;
				GCC_WARN_UNDECLARED_SELECTOR = YES;
				GCC_WARN_UNINITIALIZED_AUTOS = YES_AGGRESSIVE;
				GCC_WARN_UNUSED_FUNCTION = YES;
				GCC_WARN_UNUSED_VARIABLE = YES;
				LOCALIZATION_PREFERS_STRING_CATALOGS = YES;
				MACOSX_DEPLOYMENT_TARGET = 26.0;
				MTL_ENABLE_DEBUG_INFO = NO;
				MTL_FAST_MATH = YES;
				SDKROOT = macosx;
				SWIFT_COMPILATION_MODE = wholemodule;
			};
			name = Release;
		};
		FA21F5732FA973680030EE83 /* Debug */ = {
			isa = XCBuildConfiguration;
			buildSettings = {
				ASSETCATALOG_COMPILER_APPICON_NAME = Icon;
				ASSETCATALOG_COMPILER_GLOBAL_ACCENT_COLOR_NAME = AccentColor;
				CLANG_CXX_LANGUAGE_STANDARD = "gnu++20";
				CODE_SIGN_ENTITLEMENTS = Sonor/Sonor.entitlements;
				"CODE_SIGN_IDENTITY[sdk=macosx*]" = "Apple Development";
				CODE_SIGN_STYLE = Automatic;
				COMBINE_HIDPI_IMAGES = YES;
				CURRENT_PROJECT_VERSION = 1;
				DEVELOPMENT_TEAM = B8R3X8NN3X;
				ENABLE_APP_SANDBOX = NO;
				ENABLE_HARDENED_RUNTIME = YES;
				ENABLE_PREVIEWS = YES;
				ENABLE_USER_SELECTED_FILES = readonly;
				GENERATE_INFOPLIST_FILE = YES;
				HEADER_SEARCH_PATHS = (
					"$(inherited)",
					/Users/macbook/Desktop/Dev/Sonor/sonor.cpp/include,
					/Users/macbook/Desktop/Dev/Sonor/sonor.cpp/ggml/include,
					/Users/macbook/Desktop/Dev/Sonor/sonor.cpp/src,
					/Users/macbook/Desktop/Dev/Sonor/sonor.cpp/ggml/src,
					"/Users/macbook/Desktop/Dev/Sonor/sonor.cpp/ggml/src/ggml-metal",
				);
				INFOPLIST_FILE = Sonor/Info.plist;
				INFOPLIST_KEY_CFBundleDisplayName = Sonor;
				INFOPLIST_KEY_LSApplicationCategoryType = "public.app-category.productivity";
				INFOPLIST_KEY_LSUIElement = YES;
				INFOPLIST_KEY_NSAccessibilityUsageDescription = "Aplikacja potrzebuje uprawnień dostępu, aby móc wklejać transkrybowany tekst do innych programów.";
				INFOPLIST_KEY_NSAppleEventsUsageDescription = "Aplikacja potrzebuje uprawnień do Automatyzacji, aby móc używać schowka i wklejać tekst.";
				INFOPLIST_KEY_NSHumanReadableCopyright = "";
				INFOPLIST_KEY_NSMicrophoneUsageDescription = "Sonor AI potrzebuje mikrofonu do transkrypcji mowy.";
				LD_RUNPATH_SEARCH_PATHS = (
					"$(inherited)",
					"@executable_path/../Frameworks",
					"$(SRCROOT)/sonor.cpp/build/src",
					"$(SRCROOT)/sonor.cpp/build/ggml/src",
					"$(SRCROOT)/sonor.cpp/build/ggml/src/ggml-metal",
					"$(SRCROOT)/sonor.cpp/build/ggml/src/ggml-blas",
				);
				LIBRARY_SEARCH_PATHS = (
					"$(inherited)",
					/Users/macbook/Desktop/Dev/Sonor/sonor.cpp/build/src,
					/Users/macbook/Desktop/Dev/Sonor/sonor.cpp/build/ggml/src,
					"/Users/macbook/Desktop/Dev/Sonor/sonor.cpp/build/ggml/src/ggml-metal",
					"/Users/macbook/Desktop/Dev/Sonor/sonor.cpp/build/ggml/src/ggml-blas",
					"$(PROJECT_DIR)/sonor.cpp/build/ggml/src",
					"$(PROJECT_DIR)/sonor.cpp/build/src",
					"\"/Users/macbook/Desktop/Dev/Sonor/sonor.cpp/build/examples\"",
					"\"/Users/macbook/Desktop/Dev/Sonor/sonor.cpp/build/ggml/src/ggml-cpu\"",
				);
				MACH_O_TYPE = mh_execute;
				MACOSX_DEPLOYMENT_TARGET = 14.0;
				MARKETING_VERSION = 1.0;
				MTL_HEADER_SEARCH_PATHS = "$(inherited) /Users/macbook/Desktop/Dev/Sonor/sonor.cpp/include /Users/macbook/Desktop/Dev/Sonor/sonor.cpp/ggml/include /Users/macbook/Desktop/Dev/Sonor/sonor.cpp/src /Users/macbook/Desktop/Dev/Sonor/sonor.cpp/ggml/src /Users/macbook/Desktop/Dev/Sonor/sonor.cpp/ggml/src/ggml-metal";
				OTHER_LDFLAGS = (
					"$(inherited)",
					"-framework",
					Accelerate,
					"-framework",
					Metal,
					"-framework",
					Foundation,
				);
				PRODUCT_BUNDLE_IDENTIFIER = dev.Sonor;
				PRODUCT_NAME = "$(TARGET_NAME)";
				REGISTER_APP_GROUPS = YES;
				STRING_CATALOG_GENERATE_SYMBOLS = YES;
				SWIFT_APPROACHABLE_CONCURRENCY = YES;
				SWIFT_DEFAULT_ACTOR_ISOLATION = MainActor;
				SWIFT_EMIT_LOC_STRINGS = YES;
				SWIFT_OBJC_BRIDGING_HEADER = "Sonor/Core/Sonor-Bridging-Header.h";
				SWIFT_UPCOMING_FEATURE_MEMBER_IMPORT_VISIBILITY = YES;
				SWIFT_VERSION = 5.0;
			};
			name = Debug;
		};
		FA21F5742FA973680030EE83 /* Release */ = {
			isa = XCBuildConfiguration;
			buildSettings = {
				ASSETCATALOG_COMPILER_APPICON_NAME = Icon;
				ASSETCATALOG_COMPILER_GLOBAL_ACCENT_COLOR_NAME = AccentColor;
				CLANG_CXX_LANGUAGE_STANDARD = "gnu++20";
				CODE_SIGN_ENTITLEMENTS = Sonor/Sonor.entitlements;
				"CODE_SIGN_IDENTITY[sdk=macosx*]" = "Apple Development";
				CODE_SIGN_STYLE = Automatic;
				COMBINE_HIDPI_IMAGES = YES;
				CURRENT_PROJECT_VERSION = 1;
				DEVELOPMENT_TEAM = B8R3X8NN3X;
				ENABLE_APP_SANDBOX = NO;
				ENABLE_HARDENED_RUNTIME = YES;
				ENABLE_PREVIEWS = YES;
				ENABLE_USER_SELECTED_FILES = readonly;
				GENERATE_INFOPLIST_FILE = YES;
				HEADER_SEARCH_PATHS = (
					"$(inherited)",
					/Users/macbook/Desktop/Dev/Sonor/sonor.cpp/include,
					/Users/macbook/Desktop/Dev/Sonor/sonor.cpp/ggml/include,
					/Users/macbook/Desktop/Dev/Sonor/sonor.cpp/src,
					/Users/macbook/Desktop/Dev/Sonor/sonor.cpp/ggml/src,
					"/Users/macbook/Desktop/Dev/Sonor/sonor.cpp/ggml/src/ggml-metal",
				);
				INFOPLIST_FILE = Sonor/Info.plist;
				INFOPLIST_KEY_CFBundleDisplayName = Sonor;
				INFOPLIST_KEY_LSApplicationCategoryType = "public.app-category.productivity";
				INFOPLIST_KEY_LSUIElement = YES;
				INFOPLIST_KEY_NSAccessibilityUsageDescription = "Aplikacja potrzebuje uprawnień dostępu, aby móc wklejać transkrybowany tekst do innych programów.";
				INFOPLIST_KEY_NSAppleEventsUsageDescription = "Aplikacja potrzebuje uprawnień do Automatyzacji, aby móc używać schowka i wklejać tekst.";
				INFOPLIST_KEY_NSHumanReadableCopyright = "";
				INFOPLIST_KEY_NSMicrophoneUsageDescription = "Sonor AI potrzebuje mikrofonu do transkrypcji mowy.";
				LD_RUNPATH_SEARCH_PATHS = (
					"$(inherited)",
					"@executable_path/../Frameworks",
					"$(SRCROOT)/sonor.cpp/build/src",
					"$(SRCROOT)/sonor.cpp/build/ggml/src",
					"$(SRCROOT)/sonor.cpp/build/ggml/src/ggml-metal",
					"$(SRCROOT)/sonor.cpp/build/ggml/src/ggml-blas",
				);
				LIBRARY_SEARCH_PATHS = (
					"$(inherited)",
					/Users/macbook/Desktop/Dev/Sonor/sonor.cpp/build/src,
					/Users/macbook/Desktop/Dev/Sonor/sonor.cpp/build/ggml/src,
					"/Users/macbook/Desktop/Dev/Sonor/sonor.cpp/build/ggml/src/ggml-metal",
					"/Users/macbook/Desktop/Dev/Sonor/sonor.cpp/build/ggml/src/ggml-blas",
					"$(PROJECT_DIR)/sonor.cpp/build/ggml/src",
					"$(PROJECT_DIR)/sonor.cpp/build/src",
					"\"/Users/macbook/Desktop/Dev/Sonor/sonor.cpp/build/examples\"",
					"\"/Users/macbook/Desktop/Dev/Sonor/sonor.cpp/build/ggml/src/ggml-cpu\"",
				);
				MACH_O_TYPE = mh_execute;
				MACOSX_DEPLOYMENT_TARGET = 14.0;
				MARKETING_VERSION = 1.0;
				MTL_HEADER_SEARCH_PATHS = "$(inherited) /Users/macbook/Desktop/Dev/Sonor/sonor.cpp/include /Users/macbook/Desktop/Dev/Sonor/sonor.cpp/ggml/include /Users/macbook/Desktop/Dev/Sonor/sonor.cpp/src /Users/macbook/Desktop/Dev/Sonor/sonor.cpp/ggml/src /Users/macbook/Desktop/Dev/Sonor/sonor.cpp/ggml/src/ggml-metal";
				OTHER_LDFLAGS = (
					"$(inherited)",
					"-framework",
					Accelerate,
					"-framework",
					Metal,
					"-framework",
					Foundation,
				);
				PRODUCT_BUNDLE_IDENTIFIER = dev.Sonor;
				PRODUCT_NAME = "$(TARGET_NAME)";
				REGISTER_APP_GROUPS = YES;
				STRING_CATALOG_GENERATE_SYMBOLS = YES;
				SWIFT_APPROACHABLE_CONCURRENCY = YES;
				SWIFT_DEFAULT_ACTOR_ISOLATION = MainActor;
				SWIFT_EMIT_LOC_STRINGS = YES;
				SWIFT_OBJC_BRIDGING_HEADER = "Sonor/Core/Sonor-Bridging-Header.h";
				SWIFT_UPCOMING_FEATURE_MEMBER_IMPORT_VISIBILITY = YES;
				SWIFT_VERSION = 5.0;
			};
			name = Release;
		};
		FA21F5762FA973680030EE83 /* Debug */ = {
			isa = XCBuildConfiguration;
			buildSettings = {
				BUNDLE_LOADER = "$(TEST_HOST)";
				CODE_SIGN_ENTITLEMENTS = Sonor/Sonor.entitlements;
				CODE_SIGN_STYLE = Automatic;
				CURRENT_PROJECT_VERSION = 1;
				DEVELOPMENT_TEAM = B8R3X8NN3X;
				ENABLE_APP_SANDBOX = NO;
				GENERATE_INFOPLIST_FILE = YES;
				INFOPLIST_KEY_LSUIElement = YES;
				INFOPLIST_KEY_NSAccessibilityUsageDescription = "Aplikacja potrzebuje uprawnień dostępu, aby móc wklejać transkrybowany tekst do innych programów.";
				INFOPLIST_KEY_NSAppleEventsUsageDescription = "Aplikacja potrzebuje uprawnień do Automatyzacji, aby móc używać schowka i wklejać tekst.";
				INFOPLIST_KEY_NSMicrophoneUsageDescription = "Sonor AI potrzebuje mikrofonu do transkrypcji mowy.";
				INFOPLIST_KEY_NSScreenCaptureUsageDescription = "Aplikacja wymaga dostępu do nagrywania ekranu, aby móc wyłapać dźwięk systemowy i wstrzymywać odtwarzane multimedia.";
				MACOSX_DEPLOYMENT_TARGET = 26.0;
				MARKETING_VERSION = 1.0;
				PRODUCT_BUNDLE_IDENTIFIER = dev.SonorTests;
				PRODUCT_NAME = "$(TARGET_NAME)";
				STRING_CATALOG_GENERATE_SYMBOLS = NO;
				SWIFT_APPROACHABLE_CONCURRENCY = YES;
				SWIFT_EMIT_LOC_STRINGS = NO;
				SWIFT_UPCOMING_FEATURE_MEMBER_IMPORT_VISIBILITY = YES;
				SWIFT_VERSION = 5.0;
				TEST_HOST = "$(BUILT_PRODUCTS_DIR)/Sonor.app/$(BUNDLE_EXECUTABLE_FOLDER_PATH)/Sonor";
			};
			name = Debug;
		};
		FA21F5772FA973680030EE83 /* Release */ = {
			isa = XCBuildConfiguration;
			buildSettings = {
				BUNDLE_LOADER = "$(TEST_HOST)";
				CODE_SIGN_ENTITLEMENTS = Sonor/Sonor.entitlements;
				CODE_SIGN_STYLE = Automatic;
				CURRENT_PROJECT_VERSION = 1;
				DEVELOPMENT_TEAM = B8R3X8NN3X;
				ENABLE_APP_SANDBOX = NO;
				GENERATE_INFOPLIST_FILE = YES;
				INFOPLIST_KEY_LSUIElement = YES;
				INFOPLIST_KEY_NSAccessibilityUsageDescription = "Aplikacja potrzebuje uprawnień dostępu, aby móc wklejać transkrybowany tekst do innych programów.";
				INFOPLIST_KEY_NSAppleEventsUsageDescription = "Aplikacja potrzebuje uprawnień do Automatyzacji, aby móc używać schowka i wklejać tekst.";
				INFOPLIST_KEY_NSMicrophoneUsageDescription = "Sonor AI potrzebuje mikrofonu do transkrypcji mowy.";
				INFOPLIST_KEY_NSScreenCaptureUsageDescription = "Aplikacja wymaga dostępu do nagrywania ekranu, aby móc wyłapać dźwięk systemowy i wstrzymywać odtwarzane multimedia.";
				MACOSX_DEPLOYMENT_TARGET = 26.0;
				MARKETING_VERSION = 1.0;
				PRODUCT_BUNDLE_IDENTIFIER = dev.SonorTests;
				PRODUCT_NAME = "$(TARGET_NAME)";
				STRING_CATALOG_GENERATE_SYMBOLS = NO;
				SWIFT_APPROACHABLE_CONCURRENCY = YES;
				SWIFT_EMIT_LOC_STRINGS = NO;
				SWIFT_UPCOMING_FEATURE_MEMBER_IMPORT_VISIBILITY = YES;
				SWIFT_VERSION = 5.0;
				TEST_HOST = "$(BUILT_PRODUCTS_DIR)/Sonor.app/$(BUNDLE_EXECUTABLE_FOLDER_PATH)/Sonor";
			};
			name = Release;
		};
		FA21F5792FA973680030EE83 /* Debug */ = {
			isa = XCBuildConfiguration;
			buildSettings = {
				CODE_SIGN_ENTITLEMENTS = Sonor/Sonor.entitlements;
				CODE_SIGN_STYLE = Automatic;
				CURRENT_PROJECT_VERSION = 1;
				DEVELOPMENT_TEAM = B8R3X8NN3X;
				ENABLE_APP_SANDBOX = NO;
				GENERATE_INFOPLIST_FILE = YES;
				INFOPLIST_KEY_LSUIElement = YES;
				INFOPLIST_KEY_NSAccessibilityUsageDescription = "Aplikacja potrzebuje uprawnień dostępu, aby móc wklejać transkrybowany tekst do innych programów.";
				INFOPLIST_KEY_NSAppleEventsUsageDescription = "Aplikacja potrzebuje uprawnień do Automatyzacji, aby móc używać schowka i wklejać tekst.";
				INFOPLIST_KEY_NSMicrophoneUsageDescription = "Sonor AI potrzebuje mikrofonu do transkrypcji mowy.";
				INFOPLIST_KEY_NSScreenCaptureUsageDescription = "Aplikacja wymaga dostępu do nagrywania ekranu, aby móc wyłapać dźwięk systemowy i wstrzymywać odtwarzane multimedia.";
				MARKETING_VERSION = 1.0;
				PRODUCT_BUNDLE_IDENTIFIER = dev.SonorUITests;
				PRODUCT_NAME = "$(TARGET_NAME)";
				STRING_CATALOG_GENERATE_SYMBOLS = NO;
				SWIFT_APPROACHABLE_CONCURRENCY = YES;
				SWIFT_EMIT_LOC_STRINGS = NO;
				SWIFT_UPCOMING_FEATURE_MEMBER_IMPORT_VISIBILITY = YES;
				SWIFT_VERSION = 5.0;
				TEST_TARGET_NAME = Sonor;
			};
			name = Debug;
		};
		FA21F57A2FA973680030EE83 /* Release */ = {
			isa = XCBuildConfiguration;
			buildSettings = {
				CODE_SIGN_ENTITLEMENTS = Sonor/Sonor.entitlements;
				CODE_SIGN_STYLE = Automatic;
				CURRENT_PROJECT_VERSION = 1;
				DEVELOPMENT_TEAM = B8R3X8NN3X;
				ENABLE_APP_SANDBOX = NO;
				GENERATE_INFOPLIST_FILE = YES;
				INFOPLIST_KEY_LSUIElement = YES;
				INFOPLIST_KEY_NSAccessibilityUsageDescription = "Aplikacja potrzebuje uprawnień dostępu, aby móc wklejać transkrybowany tekst do innych programów.";
				INFOPLIST_KEY_NSAppleEventsUsageDescription = "Aplikacja potrzebuje uprawnień do Automatyzacji, aby móc używać schowka i wklejać tekst.";
				INFOPLIST_KEY_NSMicrophoneUsageDescription = "Sonor AI potrzebuje mikrofonu do transkrypcji mowy.";
				INFOPLIST_KEY_NSScreenCaptureUsageDescription = "Aplikacja wymaga dostępu do nagrywania ekranu, aby móc wyłapać dźwięk systemowy i wstrzymywać odtwarzane multimedia.";
				MARKETING_VERSION = 1.0;
				PRODUCT_BUNDLE_IDENTIFIER = dev.SonorUITests;
				PRODUCT_NAME = "$(TARGET_NAME)";
				STRING_CATALOG_GENERATE_SYMBOLS = NO;
				SWIFT_APPROACHABLE_CONCURRENCY = YES;
				SWIFT_EMIT_LOC_STRINGS = NO;
				SWIFT_UPCOMING_FEATURE_MEMBER_IMPORT_VISIBILITY = YES;
				SWIFT_VERSION = 5.0;
				TEST_TARGET_NAME = Sonor;
			};
			name = Release;
		};
/* End XCBuildConfiguration section */

/* Begin XCConfigurationList section */
		FA21F54C2FA973670030EE83 /* Build configuration list for PBXProject "Sonor" */ = {
			isa = XCConfigurationList;
			buildConfigurations = (
				FA21F5702FA973680030EE83 /* Debug */,
				FA21F5712FA973680030EE83 /* Release */,
			);
			defaultConfigurationIsVisible = 0;
			defaultConfigurationName = Release;
		};
		FA21F5722FA973680030EE83 /* Build configuration list for PBXNativeTarget "Sonor" */ = {
			isa = XCConfigurationList;
			buildConfigurations = (
				FA21F5732FA973680030EE83 /* Debug */,
				FA21F5742FA973680030EE83 /* Release */,
			);
			defaultConfigurationIsVisible = 0;
			defaultConfigurationName = Release;
		};
		FA21F5752FA973680030EE83 /* Build configuration list for PBXNativeTarget "SonorTests" */ = {
			isa = XCConfigurationList;
			buildConfigurations = (
				FA21F5762FA973680030EE83 /* Debug */,
				FA21F5772FA973680030EE83 /* Release */,
			);
			defaultConfigurationIsVisible = 0;
			defaultConfigurationName = Release;
		};
		FA21F5782FA973680030EE83 /* Build configuration list for PBXNativeTarget "SonorUITests" */ = {
			isa = XCConfigurationList;
			buildConfigurations = (
				FA21F5792FA973680030EE83 /* Debug */,
				FA21F57A2FA973680030EE83 /* Release */,
			);
			defaultConfigurationIsVisible = 0;
			defaultConfigurationName = Release;
		};
/* End XCConfigurationList section */

/* Begin XCRemoteSwiftPackageReference section */
		96BA1D70BB01DA0DC5715BD9 /* XCRemoteSwiftPackageReference "mlx-swift-lm" */ = {
			isa = XCRemoteSwiftPackageReference;
			repositoryURL = "https://github.com/ml-explore/mlx-swift-lm.git";
			requirement = {
				branch = main;
				kind = branch;
			};
		};
		BBA881AD0739DBB04827434D /* XCRemoteSwiftPackageReference "mlx-swift" */ = {
			isa = XCRemoteSwiftPackageReference;
			repositoryURL = "https://github.com/ml-explore/mlx-swift.git";
			requirement = {
				kind = upToNextMinorVersion;
				minimumVersion = 0.31.3;
			};
		};
		E7AAB071A01BC180627CA7CA /* XCRemoteSwiftPackageReference "swift-transformers" */ = {
			isa = XCRemoteSwiftPackageReference;
			repositoryURL = "https://github.com/huggingface/swift-transformers.git";
			requirement = {
				kind = upToNextMajorVersion;
				minimumVersion = 1.3.0;
			};
		};
/* End XCRemoteSwiftPackageReference section */

/* Begin XCSwiftPackageProductDependency section */
		1092FF3974AADB49E848C373 /* MLXLLM */ = {
			isa = XCSwiftPackageProductDependency;
			package = 96BA1D70BB01DA0DC5715BD9 /* XCRemoteSwiftPackageReference "mlx-swift-lm" */;
			productName = MLXLLM;
		};
		1E178648712FE46F9D04CBE4 /* MLXLMCommon */ = {
			isa = XCSwiftPackageProductDependency;
			package = 96BA1D70BB01DA0DC5715BD9 /* XCRemoteSwiftPackageReference "mlx-swift-lm" */;
			productName = MLXLMCommon;
		};
		5D07F192FC57C79E0DC9C62B /* MLX */ = {
			isa = XCSwiftPackageProductDependency;
			package = BBA881AD0739DBB04827434D /* XCRemoteSwiftPackageReference "mlx-swift" */;
			productName = MLX;
		};
		8B63F6402F23B2F22D0DAB23 /* Tokenizers */ = {
			isa = XCSwiftPackageProductDependency;
			package = E7AAB071A01BC180627CA7CA /* XCRemoteSwiftPackageReference "swift-transformers" */;
			productName = Tokenizers;
		};
		A443AD55CB178B6FA2B4E2F3 /* MLXHuggingFace */ = {
			isa = XCSwiftPackageProductDependency;
			package = 96BA1D70BB01DA0DC5715BD9 /* XCRemoteSwiftPackageReference "mlx-swift-lm" */;
			productName = MLXHuggingFace;
		};
		AF07F2F8533D00DF95F0205C /* Hub */ = {
			isa = XCSwiftPackageProductDependency;
			package = E7AAB071A01BC180627CA7CA /* XCRemoteSwiftPackageReference "swift-transformers" */;
			productName = Hub;
		};
/* End XCSwiftPackageProductDependency section */
	};
	rootObject = FA21F5492FA973670030EE83 /* Project object */;
}
